
Microsoft Visual Studio Solution File, Format Version 12.00
# Visual Studio 2015
Project("{FAE04EC0-301F-11D3-BF4B-00C04F79EFBC}") = "LancerBrigadeCapstone.CSharp.Plugins", "LancerBrigadeCapstone.CSharp.Plugins.csproj", "{3E12FBF3-307A-14E5-10F2-99BBD3515DA0}"
EndProject
Project("{FAE04EC0-301F-11D3-BF4B-00C04F79EFBC}") = "LancerBrigadeCapstone.CSharp", "LancerBrigadeCapstone.CSharp.csproj", "{40AFBE7A-DA42-2D74-5F08-318C3CC3DFE1}"
EndProject
Project("{FAE04EC0-301F-11D3-BF4B-00C04F79EFBC}") = "LancerBrigadeCapstone.CSharp.Editor", "LancerBrigadeCapstone.CSharp.Editor.csproj", "{D1769E7F-9CF2-E466-68E9-709CB5FD1DC1}"
EndProject
Global
	GlobalSection(SolutionConfigurationPlatforms) = preSolution
		Debug|Any CPU = Debug|Any CPU
		Release|Any CPU = Release|Any CPU
	EndGlobalSection
	GlobalSection(ProjectConfigurationPlatforms) = postSolution
		{3E12FBF3-307A-14E5-10F2-99BBD3515DA0}.Debug|Any CPU.ActiveCfg = Debug|Any CPU
		{3E12FBF3-307A-14E5-10F2-99BBD3515DA0}.Debug|Any CPU.Build.0 = Debug|Any CPU
		{3E12FBF3-307A-14E5-10F2-99BBD3515DA0}.Release|Any CPU.ActiveCfg = Release|Any CPU
		{3E12FBF3-307A-14E5-10F2-99BBD3515DA0}.Release|Any CPU.Build.0 = Release|Any CPU
		{40AFBE7A-DA42-2D74-5F08-318C3CC3DFE1}.Debug|Any CPU.ActiveCfg = Debug|Any CPU
		{40AFBE7A-DA42-2D74-5F08-318C3CC3DFE1}.Debug|Any CPU.Build.0 = Debug|Any CPU
		{40AFBE7A-DA42-2D74-5F08-318C3CC3DFE1}.Release|Any CPU.ActiveCfg = Release|Any CPU
		{40AFBE7A-DA42-2D74-5F08-318C3CC3DFE1}.Release|Any CPU.Build.0 = Release|Any CPU
		{D1769E7F-9CF2-E466-68E9-709CB5FD1DC1}.Debug|Any CPU.ActiveCfg = Debug|Any CPU
		{D1769E7F-9CF2-E466-68E9-709CB5FD1DC1}.Debug|Any CPU.Build.0 = Debug|Any CPU
		{D1769E7F-9CF2-E466-68E9-709CB5FD1DC1}.Release|Any CPU.ActiveCfg = Release|Any CPU
		{D1769E7F-9CF2-E466-68E9-709CB5FD1DC1}.Release|Any CPU.Build.0 = Release|Any CPU
	EndGlobalSection
	GlobalSection(SolutionProperties) = preSolution
		HideSolutionNode = FALSE
	EndGlobalSection
EndGlobal
