Microsoft Visual Studio Solution File, Format Version 11.00
# Visual Studio 2008

Project("{AD8E3B25-D0D8-155D-C407-6FD265932252}") = "LancerBrigadeCapstone", "Assembly-CSharp-firstpass.csproj", "{6600DD77-1A7F-576D-40BE-169898668DBE}"
EndProject
Project("{AD8E3B25-D0D8-155D-C407-6FD265932252}") = "LancerBrigadeCapstone", "Assembly-CSharp.csproj", "{43E89279-286E-93AE-3331-6CBC2C8D1F5A}"
EndProject
Project("{AD8E3B25-D0D8-155D-C407-6FD265932252}") = "LancerBrigadeCapstone", "Assembly-CSharp-Editor.csproj", "{2E41E851-2265-051D-159B-4A0593B27BEC}"
EndProject
Global
	GlobalSection(SolutionConfigurationPlatforms) = preSolution
		Debug|Any CPU = Debug|Any CPU
		Release|Any CPU = Release|Any CPU
	EndGlobalSection
	GlobalSection(ProjectConfigurationPlatforms) = postSolution
		{6600DD77-1A7F-576D-40BE-169898668DBE}.Debug|Any CPU.ActiveCfg = Debug|Any CPU
		{6600DD77-1A7F-576D-40BE-169898668DBE}.Debug|Any CPU.Build.0 = Debug|Any CPU
		{6600DD77-1A7F-576D-40BE-169898668DBE}.Release|Any CPU.ActiveCfg = Release|Any CPU
		{6600DD77-1A7F-576D-40BE-169898668DBE}.Release|Any CPU.Build.0 = Release|Any CPU
		{43E89279-286E-93AE-3331-6CBC2C8D1F5A}.Debug|Any CPU.ActiveCfg = Debug|Any CPU
		{43E89279-286E-93AE-3331-6CBC2C8D1F5A}.Debug|Any CPU.Build.0 = Debug|Any CPU
		{43E89279-286E-93AE-3331-6CBC2C8D1F5A}.Release|Any CPU.ActiveCfg = Release|Any CPU
		{43E89279-286E-93AE-3331-6CBC2C8D1F5A}.Release|Any CPU.Build.0 = Release|Any CPU
		{2E41E851-2265-051D-159B-4A0593B27BEC}.Debug|Any CPU.ActiveCfg = Debug|Any CPU
		{2E41E851-2265-051D-159B-4A0593B27BEC}.Debug|Any CPU.Build.0 = Debug|Any CPU
		{2E41E851-2265-051D-159B-4A0593B27BEC}.Release|Any CPU.ActiveCfg = Release|Any CPU
		{2E41E851-2265-051D-159B-4A0593B27BEC}.Release|Any CPU.Build.0 = Release|Any CPU
	EndGlobalSection
	GlobalSection(SolutionProperties) = preSolution
		HideSolutionNode = FALSE
	EndGlobalSection
	GlobalSection(MonoDevelopProperties) = preSolution
		StartupItem = Assembly-CSharp.csproj
	EndGlobalSection
EndGlobal
